
Microsoft Visual Studio Solution File, Format Version 12.00
# Visual Studio Version 16
VisualStudioVersion = 16.0.32413.511
MinimumVisualStudioVersion = 10.0.40219.1
Project("{FAE04EC0-301F-11D3-BF4B-00C04F79EFBC}") = "FinPractice", "FinPractice\FinPractice.csproj", "{E111F8D8-AF55-41BE-9DC2-F9C573E8B6D9}"
EndProject
Global
	GlobalSection(SolutionConfigurationPlatforms) = preSolution
		Debug|Any CPU = Debug|Any CPU
		Release|Any CPU = Release|Any CPU
	EndGlobalSection
	GlobalSection(ProjectConfigurationPlatforms) = postSolution
		{E111F8D8-AF55-41BE-9DC2-F9C573E8B6D9}.Debug|Any CPU.ActiveCfg = Debug|Any CPU
		{E111F8D8-AF55-41BE-9DC2-F9C573E8B6D9}.Debug|Any CPU.Build.0 = Debug|Any CPU
		{E111F8D8-AF55-41BE-9DC2-F9C573E8B6D9}.Release|Any CPU.ActiveCfg = Release|Any CPU
		{E111F8D8-AF55-41BE-9DC2-F9C573E8B6D9}.Release|Any CPU.Build.0 = Release|Any CPU
	EndGlobalSection
	GlobalSection(SolutionProperties) = preSolution
		HideSolutionNode = FALSE
	EndGlobalSection
	GlobalSection(ExtensibilityGlobals) = postSolution
		SolutionGuid = {CFDAA8DA-EDD8-4310-B309-E1864777974C}
	EndGlobalSection
EndGlobal
